// !$*UTF8*$!
{
	archiveVersion = 1;
	classes = {
	};
	objectVersion = 46;
	objects = {

/* Begin PBXBuildFile section */
		84EAB5A51B2BDF1F00944CF5 /* main.m in Sources */ = {isa = PBXBuildFile; fileRef = 84EAB5A41B2BDF1F00944CF5 /* main.m */; };
		84EAB5A81B2BDF1F00944CF5 /* AppDelegate.m in Sources */ = {isa = PBXBuildFile; fileRef = 84EAB5A71B2BDF1F00944CF5 /* AppDelegate.m */; };
		84EAB5AB1B2BDF1F00944CF5 /* Overdue.xcdatamodeld in Sources */ = {isa = PBXBuildFile; fileRef = 84EAB5A91B2BDF1F00944CF5 /* Overdue.xcdatamodeld */; };
		84EAB5AE1B2BDF1F00944CF5 /* ViewController.m in Sources */ = {isa = PBXBuildFile; fileRef = 84EAB5AD1B2BDF1F00944CF5 /* ViewController.m */; };
		84EAB5B11B2BDF1F00944CF5 /* Main.storyboard in Resources */ = {isa = PBXBuildFile; fileRef = 84EAB5AF1B2BDF1F00944CF5 /* Main.storyboard */; };
		84EAB5B31B2BDF1F00944CF5 /* Images.xcassets in Resources */ = {isa = PBXBuildFile; fileRef = 84EAB5B21B2BDF1F00944CF5 /* Images.xcassets */; };
		84EAB5B61B2BDF1F00944CF5 /* LaunchScreen.xib in Resources */ = {isa = PBXBuildFile; fileRef = 84EAB5B41B2BDF1F00944CF5 /* LaunchScreen.xib */; };
		84EAB5C21B2BDF1F00944CF5 /* OverdueTests.m in Sources */ = {isa = PBXBuildFile; fileRef = 84EAB5C11B2BDF1F00944CF5 /* OverdueTests.m */; };
		84EAB5CD1B2BE16E00944CF5 /* AddTaskViewController.m in Sources */ = {isa = PBXBuildFile; fileRef = 84EAB5CC1B2BE16E00944CF5 /* AddTaskViewController.m */; };
		84EAB5D01B2BE18000944CF5 /* DetailTaskViewController.m in Sources */ = {isa = PBXBuildFile; fileRef = 84EAB5CF1B2BE18000944CF5 /* DetailTaskViewController.m */; };
		84EAB5D31B2BE19300944CF5 /* EditTaskViewController.m in Sources */ = {isa = PBXBuildFile; fileRef = 84EAB5D21B2BE19300944CF5 /* EditTaskViewController.m */; };
		84EAB5D91B2BF95400944CF5 /* Task.m in Sources */ = {isa = PBXBuildFile; fileRef = 84EAB5D81B2BF95400944CF5 /* Task.m */; };
/* End PBXBuildFile section */

/* Begin PBXContainerItemProxy section */
		84EAB5BC1B2BDF1F00944CF5 /* PBXContainerItemProxy */ = {
			isa = PBXContainerItemProxy;
			containerPortal = 84EAB5971B2BDF1F00944CF5 /* Project object */;
			proxyType = 1;
			remoteGlobalIDString = 84EAB59E1B2BDF1F00944CF5;
			remoteInfo = Overdue;
		};
/* End PBXContainerItemProxy section */

/* Begin PBXFileReference section */
		84EAB59F1B2BDF1F00944CF5 /* Overdue.app */ = {isa = PBXFileReference; explicitFileType = wrapper.application; includeInIndex = 0; path = Overdue.app; sourceTree = BUILT_PRODUCTS_DIR; };
		84EAB5A31B2BDF1F00944CF5 /* Info.plist */ = {isa = PBXFileReference; lastKnownFileType = text.plist.xml; path = Info.plist; sourceTree = "<group>"; };
		84EAB5A41B2BDF1F00944CF5 /* main.m */ = {isa = PBXFileReference; lastKnownFileType = sourcecode.c.objc; path = main.m; sourceTree = "<group>"; };
		84EAB5A61B2BDF1F00944CF5 /* AppDelegate.h */ = {isa = PBXFileReference; lastKnownFileType = sourcecode.c.h; path = AppDelegate.h; sourceTree = "<group>"; };
		84EAB5A71B2BDF1F00944CF5 /* AppDelegate.m */ = {isa = PBXFileReference; lastKnownFileType = sourcecode.c.objc; path = AppDelegate.m; sourceTree = "<group>"; };
		84EAB5AA1B2BDF1F00944CF5 /* Overdue.xcdatamodel */ = {isa = PBXFileReference; lastKnownFileType = wrapper.xcdatamodel; path = Overdue.xcdatamodel; sourceTree = "<group>"; };
		84EAB5AC1B2BDF1F00944CF5 /* ViewController.h */ = {isa = PBXFileReference; lastKnownFileType = sourcecode.c.h; path = ViewController.h; sourceTree = "<group>"; };
		84EAB5AD1B2BDF1F00944CF5 /* ViewController.m */ = {isa = PBXFileReference; lastKnownFileType = sourcecode.c.objc; path = ViewController.m; sourceTree = "<group>"; };
		84EAB5B01B2BDF1F00944CF5 /* Base */ = {isa = PBXFileReference; lastKnownFileType = file.storyboard; name = Base; path = Base.lproj/Main.storyboard; sourceTree = "<group>"; };
		84EAB5B21B2BDF1F00944CF5 /* Images.xcassets */ = {isa = PBXFileReference; lastKnownFileType = folder.assetcatalog; path = Images.xcassets; sourceTree = "<group>"; };
		84EAB5B51B2BDF1F00944CF5 /* Base */ = {isa = PBXFileReference; lastKnownFileType = file.xib; name = Base; path = Base.lproj/LaunchScreen.xib; sourceTree = "<group>"; };
		84EAB5BB1B2BDF1F00944CF5 /* OverdueTests.xctest */ = {isa = PBXFileReference; explicitFileType = wrapper.cfbundle; includeInIndex = 0; path = OverdueTests.xctest; sourceTree = BUILT_PRODUCTS_DIR; };
		84EAB5C01B2BDF1F00944CF5 /* Info.plist */ = {isa = PBXFileReference; lastKnownFileType = text.plist.xml; path = Info.plist; sourceTree = "<group>"; };
		84EAB5C11B2BDF1F00944CF5 /* OverdueTests.m */ = {isa = PBXFileReference; lastKnownFileType = sourcecode.c.objc; path = OverdueTests.m; sourceTree = "<group>"; };
		84EAB5CB1B2BE16E00944CF5 /* AddTaskViewController.h */ = {isa = PBXFileReference; fileEncoding = 4; lastKnownFileType = sourcecode.c.h; path = AddTaskViewController.h; sourceTree = "<group>"; };
		84EAB5CC1B2BE16E00944CF5 /* AddTaskViewController.m */ = {isa = PBXFileReference; fileEncoding = 4; lastKnownFileType = sourcecode.c.objc; path = AddTaskViewController.m; sourceTree = "<group>"; };
		84EAB5CE1B2BE18000944CF5 /* DetailTaskViewController.h */ = {isa = PBXFileReference; fileEncoding = 4; lastKnownFileType = sourcecode.c.h; path = DetailTaskViewController.h; sourceTree = "<group>"; };
		84EAB5CF1B2BE18000944CF5 /* DetailTaskViewController.m */ = {isa = PBXFileReference; fileEncoding = 4; lastKnownFileType = sourcecode.c.objc; path = DetailTaskViewController.m; sourceTree = "<group>"; };
		84EAB5D11B2BE19300944CF5 /* EditTaskViewController.h */ = {isa = PBXFileReference; fileEncoding = 4; lastKnownFileType = sourcecode.c.h; path = EditTaskViewController.h; sourceTree = "<group>"; };
		84EAB5D21B2BE19300944CF5 /* EditTaskViewController.m */ = {isa = PBXFileReference; fileEncoding = 4; lastKnownFileType = sourcecode.c.objc; path = EditTaskViewController.m; sourceTree = "<group>"; };
		84EAB5D51B2BF67700944CF5 /* Overdue-Prefix.pch */ = {isa = PBXFileReference; lastKnownFileType = sourcecode.c.h; path = "Overdue-Prefix.pch"; sourceTree = "<group>"; };
		84EAB5D71B2BF95400944CF5 /* Task.h */ = {isa = PBXFileReference; fileEncoding = 4; lastKnownFileType = sourcecode.c.h; path = Task.h; sourceTree = "<group>"; };
		84EAB5D81B2BF95400944CF5 /* Task.m */ = {isa = PBXFileReference; fileEncoding = 4; lastKnownFileType = sourcecode.c.objc; path = Task.m; sourceTree = "<group>"; };
/* End PBXFileReference section */

/* Begin PBXFrameworksBuildPhase section */
		84EAB59C1B2BDF1F00944CF5 /* Frameworks */ = {
			isa = PBXFrameworksBuildPhase;
			buildActionMask = 2147483647;
			files = (
			);
			runOnlyForDeploymentPostprocessing = 0;
		};
		84EAB5B81B2BDF1F00944CF5 /* Frameworks */ = {
			isa = PBXFrameworksBuildPhase;
			buildActionMask = 2147483647;
			files = (
			);
			runOnlyForDeploymentPostprocessing = 0;
		};
/* End PBXFrameworksBuildPhase section */

/* Begin PBXGroup section */
		84EAB5961B2BDF1F00944CF5 = {
			isa = PBXGroup;
			children = (
				84EAB5A11B2BDF1F00944CF5 /* Overdue */,
				84EAB5BE1B2BDF1F00944CF5 /* OverdueTests */,
				84EAB5A01B2BDF1F00944CF5 /* Products */,
			);
			sourceTree = "<group>";
		};
		84EAB5A01B2BDF1F00944CF5 /* Products */ = {
			isa = PBXGroup;
			children = (
				84EAB59F1B2BDF1F00944CF5 /* Overdue.app */,
				84EAB5BB1B2BDF1F00944CF5 /* OverdueTests.xctest */,
			);
			name = Products;
			sourceTree = "<group>";
		};
		84EAB5A11B2BDF1F00944CF5 /* Overdue */ = {
			isa = PBXGroup;
			children = (
				84EAB5A61B2BDF1F00944CF5 /* AppDelegate.h */,
				84EAB5A71B2BDF1F00944CF5 /* AppDelegate.m */,
				84EAB5AC1B2BDF1F00944CF5 /* ViewController.h */,
				84EAB5AD1B2BDF1F00944CF5 /* ViewController.m */,
				84EAB5AF1B2BDF1F00944CF5 /* Main.storyboard */,
				84EAB5CB1B2BE16E00944CF5 /* AddTaskViewController.h */,
				84EAB5CC1B2BE16E00944CF5 /* AddTaskViewController.m */,
				84EAB5CE1B2BE18000944CF5 /* DetailTaskViewController.h */,
				84EAB5CF1B2BE18000944CF5 /* DetailTaskViewController.m */,
				84EAB5D11B2BE19300944CF5 /* EditTaskViewController.h */,
				84EAB5D21B2BE19300944CF5 /* EditTaskViewController.m */,
				84EAB5D61B2BF92F00944CF5 /* Model */,
				84EAB5B21B2BDF1F00944CF5 /* Images.xcassets */,
				84EAB5B41B2BDF1F00944CF5 /* LaunchScreen.xib */,
				84EAB5A91B2BDF1F00944CF5 /* Overdue.xcdatamodeld */,
				84EAB5A21B2BDF1F00944CF5 /* Supporting Files */,
			);
			path = Overdue;
			sourceTree = "<group>";
		};
		84EAB5A21B2BDF1F00944CF5 /* Supporting Files */ = {
			isa = PBXGroup;
			children = (
				84EAB5A31B2BDF1F00944CF5 /* Info.plist */,
				84EAB5A41B2BDF1F00944CF5 /* main.m */,
				84EAB5D51B2BF67700944CF5 /* Overdue-Prefix.pch */,
			);
			name = "Supporting Files";
			sourceTree = "<group>";
		};
		84EAB5BE1B2BDF1F00944CF5 /* OverdueTests */ = {
			isa = PBXGroup;
			children = (
				84EAB5C11B2BDF1F00944CF5 /* OverdueTests.m */,
				84EAB5BF1B2BDF1F00944CF5 /* Supporting Files */,
			);
			path = OverdueTests;
			sourceTree = "<group>";
		};
		84EAB5BF1B2BDF1F00944CF5 /* Supporting Files */ = {
			isa = PBXGroup;
			children = (
				84EAB5C01B2BDF1F00944CF5 /* Info.plist */,
			);
			name = "Supporting Files";
			sourceTree = "<group>";
		};
		84EAB5D61B2BF92F00944CF5 /* Model */ = {
			isa = PBXGroup;
			children = (
				84EAB5D71B2BF95400944CF5 /* Task.h */,
				84EAB5D81B2BF95400944CF5 /* Task.m */,
			);
			name = Model;
			sourceTree = "<group>";
		};
/* End PBXGroup section */

/* Begin PBXNativeTarget section */
		84EAB59E1B2BDF1F00944CF5 /* Overdue */ = {
			isa = PBXNativeTarget;
			buildConfigurationList = 84EAB5C51B2BDF1F00944CF5 /* Build configuration list for PBXNativeTarget "Overdue" */;
			buildPhases = (
				84EAB59B1B2BDF1F00944CF5 /* Sources */,
				84EAB59C1B2BDF1F00944CF5 /* Frameworks */,
				84EAB59D1B2BDF1F00944CF5 /* Resources */,
			);
			buildRules = (
			);
			dependencies = (
			);
			name = Overdue;
			productName = Overdue;
			productReference = 84EAB59F1B2BDF1F00944CF5 /* Overdue.app */;
			productType = "com.apple.product-type.application";
		};
		84EAB5BA1B2BDF1F00944CF5 /* OverdueTests */ = {
			isa = PBXNativeTarget;
			buildConfigurationList = 84EAB5C81B2BDF1F00944CF5 /* Build configuration list for PBXNativeTarget "OverdueTests" */;
			buildPhases = (
				84EAB5B71B2BDF1F00944CF5 /* Sources */,
				84EAB5B81B2BDF1F00944CF5 /* Frameworks */,
				84EAB5B91B2BDF1F00944CF5 /* Resources */,
			);
			buildRules = (
			);
			dependencies = (
				84EAB5BD1B2BDF1F00944CF5 /* PBXTargetDependency */,
			);
			name = OverdueTests;
			productName = OverdueTests;
			productReference = 84EAB5BB1B2BDF1F00944CF5 /* OverdueTests.xctest */;
			productType = "com.apple.product-type.bundle.unit-test";
		};
/* End PBXNativeTarget section */

/* Begin PBXProject section */
		84EAB5971B2BDF1F00944CF5 /* Project object */ = {
			isa = PBXProject;
			attributes = {
				LastUpgradeCheck = 0620;
				ORGANIZATIONNAME = ViswanthWorks;
				TargetAttributes = {
					84EAB59E1B2BDF1F00944CF5 = {
						CreatedOnToolsVersion = 6.2;
						DevelopmentTeam = 5F8N7GCJAG;
					};
					84EAB5BA1B2BDF1F00944CF5 = {
						CreatedOnToolsVersion = 6.2;
						TestTargetID = 84EAB59E1B2BDF1F00944CF5;
					};
				};
			};
			buildConfigurationList = 84EAB59A1B2BDF1F00944CF5 /* Build configuration list for PBXProject "Overdue" */;
			compatibilityVersion = "Xcode 3.2";
			developmentRegion = English;
			hasScannedForEncodings = 0;
			knownRegions = (
				en,
				Base,
			);
			mainGroup = 84EAB5961B2BDF1F00944CF5;
			productRefGroup = 84EAB5A01B2BDF1F00944CF5 /* Products */;
			projectDirPath = "";
			projectRoot = "";
			targets = (
				84EAB59E1B2BDF1F00944CF5 /* Overdue */,
				84EAB5BA1B2BDF1F00944CF5 /* OverdueTests */,
			);
		};
/* End PBXProject section */

/* Begin PBXResourcesBuildPhase section */
		84EAB59D1B2BDF1F00944CF5 /* Resources */ = {
			isa = PBXResourcesBuildPhase;
			buildActionMask = 2147483647;
			files = (
				84EAB5B11B2BDF1F00944CF5 /* Main.storyboard in Resources */,
				84EAB5B61B2BDF1F00944CF5 /* LaunchScreen.xib in Resources */,
				84EAB5B31B2BDF1F00944CF5 /* Images.xcassets in Resources */,
			);
			runOnlyForDeploymentPostprocessing = 0;
		};
		84EAB5B91B2BDF1F00944CF5 /* Resources */ = {
			isa = PBXResourcesBuildPhase;
			buildActionMask = 2147483647;
			files = (
			);
			runOnlyForDeploymentPostprocessing = 0;
		};
/* End PBXResourcesBuildPhase section */

/* Begin PBXSourcesBuildPhase section */
		84EAB59B1B2BDF1F00944CF5 /* Sources */ = {
			isa = PBXSourcesBuildPhase;
			buildActionMask = 2147483647;
			files = (
				84EAB5CD1B2BE16E00944CF5 /* AddTaskViewController.m in Sources */,
				84EAB5A81B2BDF1F00944CF5 /* AppDelegate.m in Sources */,
				84EAB5D01B2BE18000944CF5 /* DetailTaskViewController.m in Sources */,
				84EAB5AB1B2BDF1F00944CF5 /* Overdue.xcdatamodeld in Sources */,
				84EAB5D91B2BF95400944CF5 /* Task.m in Sources */,
				84EAB5D31B2BE19300944CF5 /* EditTaskViewController.m in Sources */,
				84EAB5AE1B2BDF1F00944CF5 /* ViewController.m in Sources */,
				84EAB5A51B2BDF1F00944CF5 /* main.m in Sources */,
			);
			runOnlyForDeploymentPostprocessing = 0;
		};
		84EAB5B71B2BDF1F00944CF5 /* Sources */ = {
			isa = PBXSourcesBuildPhase;
			buildActionMask = 2147483647;
			files = (
				84EAB5C21B2BDF1F00944CF5 /* OverdueTests.m in Sources */,
			);
			runOnlyForDeploymentPostprocessing = 0;
		};
/* End PBXSourcesBuildPhase section */

/* Begin PBXTargetDependency section */
		84EAB5BD1B2BDF1F00944CF5 /* PBXTargetDependency */ = {
			isa = PBXTargetDependency;
			target = 84EAB59E1B2BDF1F00944CF5 /* Overdue */;
			targetProxy = 84EAB5BC1B2BDF1F00944CF5 /* PBXContainerItemProxy */;
		};
/* End PBXTargetDependency section */

/* Begin PBXVariantGroup section */
		84EAB5AF1B2BDF1F00944CF5 /* Main.storyboard */ = {
			isa = PBXVariantGroup;
			children = (
				84EAB5B01B2BDF1F00944CF5 /* Base */,
			);
			name = Main.storyboard;
			sourceTree = "<group>";
		};
		84EAB5B41B2BDF1F00944CF5 /* LaunchScreen.xib */ = {
			isa = PBXVariantGroup;
			children = (
				84EAB5B51B2BDF1F00944CF5 /* Base */,
			);
			name = LaunchScreen.xib;
			sourceTree = "<group>";
		};
/* End PBXVariantGroup section */

/* Begin XCBuildConfiguration section */
		84EAB5C31B2BDF1F00944CF5 /* Debug */ = {
			isa = XCBuildConfiguration;
			buildSettings = {
				ALWAYS_SEARCH_USER_PATHS = NO;
				CLANG_CXX_LANGUAGE_STANDARD = "gnu++0x";
				CLANG_CXX_LIBRARY = "libc++";
				CLANG_ENABLE_MODULES = YES;
				CLANG_ENABLE_OBJC_ARC = YES;
				CLANG_WARN_BOOL_CONVERSION = YES;
				CLANG_WARN_CONSTANT_CONVERSION = YES;
				CLANG_WARN_DIRECT_OBJC_ISA_USAGE = YES_ERROR;
				CLANG_WARN_EMPTY_BODY = YES;
				CLANG_WARN_ENUM_CONVERSION = YES;
				CLANG_WARN_INT_CONVERSION = YES;
				CLANG_WARN_OBJC_ROOT_CLASS = YES_ERROR;
				CLANG_WARN_UNREACHABLE_CODE = YES;
				CLANG_WARN__DUPLICATE_METHOD_MATCH = YES;
				"CODE_SIGN_IDENTITY[sdk=iphoneos*]" = "iPhone Developer";
				COPY_PHASE_STRIP = NO;
				ENABLE_STRICT_OBJC_MSGSEND = YES;
				GCC_C_LANGUAGE_STANDARD = gnu99;
				GCC_DYNAMIC_NO_PIC = NO;
				GCC_OPTIMIZATION_LEVEL = 0;
				GCC_PREFIX_HEADER = "Overdue/Overdue-Prefix.pch";
				GCC_PREPROCESSOR_DEFINITIONS = (
					"DEBUG=1",
					"$(inherited)",
				);
				GCC_SYMBOLS_PRIVATE_EXTERN = NO;
				GCC_WARN_64_TO_32_BIT_CONVERSION = YES;
				GCC_WARN_ABOUT_RETURN_TYPE = YES_ERROR;
				GCC_WARN_UNDECLARED_SELECTOR = YES;
				GCC_WARN_UNINITIALIZED_AUTOS = YES_AGGRESSIVE;
				GCC_WARN_UNUSED_FUNCTION = YES;
				GCC_WARN_UNUSED_VARIABLE = YES;
				IPHONEOS_DEPLOYMENT_TARGET = 8.2;
				MTL_ENABLE_DEBUG_INFO = YES;
				ONLY_ACTIVE_ARCH = YES;
				SDKROOT = iphoneos;
				TARGETED_DEVICE_FAMILY = "1,2";
			};
			name = Debug;
		};
		84EAB5C41B2BDF1F00944CF5 /* Release */ = {
			isa = XCBuildConfiguration;
			buildSettings = {
				ALWAYS_SEARCH_USER_PATHS = NO;
				CLANG_CXX_LANGUAGE_STANDARD = "gnu++0x";
				CLANG_CXX_LIBRARY = "libc++";
				CLANG_ENABLE_MODULES = YES;
				CLANG_ENABLE_OBJC_ARC = YES;
				CLANG_WARN_BOOL_CONVERSION = YES;
				CLANG_WARN_CONSTANT_CONVERSION = YES;
				CLANG_WARN_DIRECT_OBJC_ISA_USAGE = YES_ERROR;
				CLANG_WARN_EMPTY_BODY = YES;
				CLANG_WARN_ENUM_CONVERSION = YES;
				CLANG_WARN_INT_CONVERSION = YES;
				CLANG_WARN_OBJC_ROOT_CLASS = YES_ERROR;
				CLANG_WARN_UNREACHABLE_CODE = YES;
				CLANG_WARN__DUPLICATE_METHOD_MATCH = YES;
				"CODE_SIGN_IDENTITY[sdk=iphoneos*]" = "iPhone Developer";
				COPY_PHASE_STRIP = NO;
				ENABLE_NS_ASSERTIONS = NO;
				ENABLE_STRICT_OBJC_MSGSEND = YES;
				GCC_C_LANGUAGE_STANDARD = gnu99;
				GCC_PREFIX_HEADER = "Overdue/Overdue-Prefix.pch";
				GCC_WARN_64_TO_32_BIT_CONVERSION = YES;
				GCC_WARN_ABOUT_RETURN_TYPE = YES_ERROR;
				GCC_WARN_UNDECLARED_SELECTOR = YES;
				GCC_WARN_UNINITIALIZED_AUTOS = YES_AGGRESSIVE;
				GCC_WARN_UNUSED_FUNCTION = YES;
				GCC_WARN_UNUSED_VARIABLE = YES;
				IPHONEOS_DEPLOYMENT_TARGET = 8.2;
				MTL_ENABLE_DEBUG_INFO = NO;
				SDKROOT = iphoneos;
				TARGETED_DEVICE_FAMILY = "1,2";
				VALIDATE_PRODUCT = YES;
			};
			name = Release;
		};
		84EAB5C61B2BDF1F00944CF5 /* Debug */ = {
			isa = XCBuildConfiguration;
			buildSettings = {
				ASSETCATALOG_COMPILER_APPICON_NAME = AppIcon;
				CODE_SIGN_IDENTITY = "iPhone Developer";
				INFOPLIST_FILE = Overdue/Info.plist;
				IPHONEOS_DEPLOYMENT_TARGET = 8.0;
				LD_RUNPATH_SEARCH_PATHS = "$(inherited) @executable_path/Frameworks";
				PRODUCT_NAME = "$(TARGET_NAME)";
			};
			name = Debug;
		};
		84EAB5C71B2BDF1F00944CF5 /* Release */ = {
			isa = XCBuildConfiguration;
			buildSettings = {
				ASSETCATALOG_COMPILER_APPICON_NAME = AppIcon;
				CODE_SIGN_IDENTITY = "iPhone Developer";
				INFOPLIST_FILE = Overdue/Info.plist;
				IPHONEOS_DEPLOYMENT_TARGET = 8.0;
				LD_RUNPATH_SEARCH_PATHS = "$(inherited) @executable_path/Frameworks";
				PRODUCT_NAME = "$(TARGET_NAME)";
			};
			name = Release;
		};
		84EAB5C91B2BDF1F00944CF5 /* Debug */ = {
			isa = XCBuildConfiguration;
			buildSettings = {
				BUNDLE_LOADER = "$(TEST_HOST)";
				FRAMEWORK_SEARCH_PATHS = (
					"$(SDKROOT)/Developer/Library/Frameworks",
					"$(inherited)",
				);
				GCC_PREPROCESSOR_DEFINITIONS = (
					"DEBUG=1",
					"$(inherited)",
				);
				INFOPLIST_FILE = OverdueTests/Info.plist;
				LD_RUNPATH_SEARCH_PATHS = "$(inherited) @executable_path/Frameworks @loader_path/Frameworks";
				PRODUCT_NAME = "$(TARGET_NAME)";
				TEST_HOST = "$(BUILT_PRODUCTS_DIR)/Overdue.app/Overdue";
			};
			name = Debug;
		};
		84EAB5CA1B2BDF1F00944CF5 /* Release */ = {
			isa = XCBuildConfiguration;
			buildSettings = {
				BUNDLE_LOADER = "$(TEST_HOST)";
				FRAMEWORK_SEARCH_PATHS = (
					"$(SDKROOT)/Developer/Library/Frameworks",
					"$(inherited)",
				);
				INFOPLIST_FILE = OverdueTests/Info.plist;
				LD_RUNPATH_SEARCH_PATHS = "$(inherited) @executable_path/Frameworks @loader_path/Frameworks";
				PRODUCT_NAME = "$(TARGET_NAME)";
				TEST_HOST = "$(BUILT_PRODUCTS_DIR)/Overdue.app/Overdue";
			};
			name = Release;
		};
/* End XCBuildConfiguration section */

/* Begin XCConfigurationList section */
		84EAB59A1B2BDF1F00944CF5 /* Build configuration list for PBXProject "Overdue" */ = {
			isa = XCConfigurationList;
			buildConfigurations = (
				84EAB5C31B2BDF1F00944CF5 /* Debug */,
				84EAB5C41B2BDF1F00944CF5 /* Release */,
			);
			defaultConfigurationIsVisible = 0;
			defaultConfigurationName = Release;
		};
		84EAB5C51B2BDF1F00944CF5 /* Build configuration list for PBXNativeTarget "Overdue" */ = {
			isa = XCConfigurationList;
			buildConfigurations = (
				84EAB5C61B2BDF1F00944CF5 /* Debug */,
				84EAB5C71B2BDF1F00944CF5 /* Release */,
			);
			defaultConfigurationIsVisible = 0;
		};
		84EAB5C81B2BDF1F00944CF5 /* Build configuration list for PBXNativeTarget "OverdueTests" */ = {
			isa = XCConfigurationList;
			buildConfigurations = (
				84EAB5C91B2BDF1F00944CF5 /* Debug */,
				84EAB5CA1B2BDF1F00944CF5 /* Release */,
			);
			defaultConfigurationIsVisible = 0;
		};
/* End XCConfigurationList section */

/* Begin XCVersionGroup section */
		84EAB5A91B2BDF1F00944CF5 /* Overdue.xcdatamodeld */ = {
			isa = XCVersionGroup;
			children = (
				84EAB5AA1B2BDF1F00944CF5 /* Overdue.xcdatamodel */,
			);
			currentVersion = 84EAB5AA1B2BDF1F00944CF5 /* Overdue.xcdatamodel */;
			path = Overdue.xcdatamodeld;
			sourceTree = "<group>";
			versionGroupType = wrapper.xcdatamodel;
		};
/* End XCVersionGroup section */
	};
	rootObject = 84EAB5971B2BDF1F00944CF5 /* Project object */;
}
